
Microsoft Visual Studio Solution File, Format Version 12.00
# Visual Studio Version 17
VisualStudioVersion = 17.14.35806.103 d17.14
MinimumVisualStudioVersion = 10.0.40219.1
Project("{FAE04EC0-301F-11D3-BF4B-00C04F79EFBC}") = "Marqdouj.Html.ResizeObserver", "Marqdouj.Html.ResizeObserver\Marqdouj.Html.ResizeObserver.csproj", "{D6B772C7-91B8-49DA-9FFC-8979EF80BAB8}"
EndProject
Global
	GlobalSection(SolutionConfigurationPlatforms) = preSolution
		Debug|Any CPU = Debug|Any CPU
		Release|Any CPU = Release|Any CPU
	EndGlobalSection
	GlobalSection(ProjectConfigurationPlatforms) = postSolution
		{D6B772C7-91B8-49DA-9FFC-8979EF80BAB8}.Debug|Any CPU.ActiveCfg = Debug|Any CPU
		{D6B772C7-91B8-49DA-9FFC-8979EF80BAB8}.Debug|Any CPU.Build.0 = Debug|Any CPU
		{D6B772C7-91B8-49DA-9FFC-8979EF80BAB8}.Release|Any CPU.ActiveCfg = Release|Any CPU
		{D6B772C7-91B8-49DA-9FFC-8979EF80BAB8}.Release|Any CPU.Build.0 = Release|Any CPU
	EndGlobalSection
	GlobalSection(SolutionProperties) = preSolution
		HideSolutionNode = FALSE
	EndGlobalSection
	GlobalSection(ExtensibilityGlobals) = postSolution
		SolutionGuid = {CC749546-85A7-48DE-88DD-DA528536B6EC}
	EndGlobalSection
EndGlobal
